
Microsoft Visual Studio Solution File, Format Version 12.00
# Visual Studio 14
VisualStudioVersion = 14.0.25420.1
MinimumVisualStudioVersion = 10.0.40219.1
Project("{FAE04EC0-301F-11D3-BF4B-00C04F79EFBC}") = "SliderAppForm", "SliderAppForm\SliderAppForm\SliderAppForm.csproj", "{8D2F19D7-5BEC-4344-B6EF-7144D3A4B94C}"
EndProject
Project("{FAE04EC0-301F-11D3-BF4B-00C04F79EFBC}") = "SliderAppForm.Droid", "SliderAppForm\SliderAppForm.Droid\SliderAppForm.Droid.csproj", "{878FB376-AF74-44D1-A5C1-4F9ED372C806}"
EndProject
Project("{FAE04EC0-301F-11D3-BF4B-00C04F79EFBC}") = "SliderAppForm.iOS", "SliderAppForm\SliderAppForm.iOS\SliderAppForm.iOS.csproj", "{7D06C383-97B3-4AD4-AEE5-27B23BA69927}"
EndProject
Project("{FAE04EC0-301F-11D3-BF4B-00C04F79EFBC}") = "SliderAppForm.WinPhone", "SliderAppForm\SliderAppForm.WinPhone\SliderAppForm.WinPhone.csproj", "{70222952-74F9-4321-A149-913C7C8A760B}"
EndProject
Project("{FAE04EC0-301F-11D3-BF4B-00C04F79EFBC}") = "SliderAppForm.UWP", "SliderAppForm\SliderAppForm.UWP\SliderAppForm.UWP.csproj", "{A301DBE5-FF33-4D0A-A960-4EC65A8FDD2E}"
EndProject
Project("{FAE04EC0-301F-11D3-BF4B-00C04F79EFBC}") = "SliderAppForm.Windows", "SliderAppForm\SliderAppForm.Windows\SliderAppForm.Windows.csproj", "{0CFCD937-EB97-49B6-BEDC-CF022835C191}"
EndProject
Global
	GlobalSection(SolutionConfigurationPlatforms) = preSolution
		Ad-Hoc|Any CPU = Ad-Hoc|Any CPU
		Ad-Hoc|ARM = Ad-Hoc|ARM
		Ad-Hoc|iPhone = Ad-Hoc|iPhone
		Ad-Hoc|iPhoneSimulator = Ad-Hoc|iPhoneSimulator
		Ad-Hoc|x64 = Ad-Hoc|x64
		Ad-Hoc|x86 = Ad-Hoc|x86
		AppStore|Any CPU = AppStore|Any CPU
		AppStore|ARM = AppStore|ARM
		AppStore|iPhone = AppStore|iPhone
		AppStore|iPhoneSimulator = AppStore|iPhoneSimulator
		AppStore|x64 = AppStore|x64
		AppStore|x86 = AppStore|x86
		Debug|Any CPU = Debug|Any CPU
		Debug|ARM = Debug|ARM
		Debug|iPhone = Debug|iPhone
		Debug|iPhoneSimulator = Debug|iPhoneSimulator
		Debug|x64 = Debug|x64
		Debug|x86 = Debug|x86
		Release|Any CPU = Release|Any CPU
		Release|ARM = Release|ARM
		Release|iPhone = Release|iPhone
		Release|iPhoneSimulator = Release|iPhoneSimulator
		Release|x64 = Release|x64
		Release|x86 = Release|x86
	EndGlobalSection
	GlobalSection(ProjectConfigurationPlatforms) = postSolution
		{8D2F19D7-5BEC-4344-B6EF-7144D3A4B94C}.Ad-Hoc|Any CPU.ActiveCfg = Release|Any CPU
		{8D2F19D7-5BEC-4344-B6EF-7144D3A4B94C}.Ad-Hoc|Any CPU.Build.0 = Release|Any CPU
		{8D2F19D7-5BEC-4344-B6EF-7144D3A4B94C}.Ad-Hoc|ARM.ActiveCfg = Release|Any CPU
		{8D2F19D7-5BEC-4344-B6EF-7144D3A4B94C}.Ad-Hoc|ARM.Build.0 = Release|Any CPU
		{8D2F19D7-5BEC-4344-B6EF-7144D3A4B94C}.Ad-Hoc|iPhone.ActiveCfg = Release|Any CPU
		{8D2F19D7-5BEC-4344-B6EF-7144D3A4B94C}.Ad-Hoc|iPhone.Build.0 = Release|Any CPU
		{8D2F19D7-5BEC-4344-B6EF-7144D3A4B94C}.Ad-Hoc|iPhoneSimulator.ActiveCfg = Release|Any CPU
		{8D2F19D7-5BEC-4344-B6EF-7144D3A4B94C}.Ad-Hoc|iPhoneSimulator.Build.0 = Release|Any CPU
		{8D2F19D7-5BEC-4344-B6EF-7144D3A4B94C}.Ad-Hoc|x64.ActiveCfg = Release|Any CPU
		{8D2F19D7-5BEC-4344-B6EF-7144D3A4B94C}.Ad-Hoc|x64.Build.0 = Release|Any CPU
		{8D2F19D7-5BEC-4344-B6EF-7144D3A4B94C}.Ad-Hoc|x86.ActiveCfg = Release|Any CPU
		{8D2F19D7-5BEC-4344-B6EF-7144D3A4B94C}.Ad-Hoc|x86.Build.0 = Release|Any CPU
		{8D2F19D7-5BEC-4344-B6EF-7144D3A4B94C}.AppStore|Any CPU.ActiveCfg = Release|Any CPU
		{8D2F19D7-5BEC-4344-B6EF-7144D3A4B94C}.AppStore|Any CPU.Build.0 = Release|Any CPU
		{8D2F19D7-5BEC-4344-B6EF-7144D3A4B94C}.AppStore|ARM.ActiveCfg = Release|Any CPU
		{8D2F19D7-5BEC-4344-B6EF-7144D3A4B94C}.AppStore|ARM.Build.0 = Release|Any CPU
		{8D2F19D7-5BEC-4344-B6EF-7144D3A4B94C}.AppStore|iPhone.ActiveCfg = Release|Any CPU
		{8D2F19D7-5BEC-4344-B6EF-7144D3A4B94C}.AppStore|iPhone.Build.0 = Release|Any CPU
		{8D2F19D7-5BEC-4344-B6EF-7144D3A4B94C}.AppStore|iPhoneSimulator.ActiveCfg = Release|Any CPU
		{8D2F19D7-5BEC-4344-B6EF-7144D3A4B94C}.AppStore|iPhoneSimulator.Build.0 = Release|Any CPU
		{8D2F19D7-5BEC-4344-B6EF-7144D3A4B94C}.AppStore|x64.ActiveCfg = Release|Any CPU
		{8D2F19D7-5BEC-4344-B6EF-7144D3A4B94C}.AppStore|x64.Build.0 = Release|Any CPU
		{8D2F19D7-5BEC-4344-B6EF-7144D3A4B94C}.AppStore|x86.ActiveCfg = Release|Any CPU
		{8D2F19D7-5BEC-4344-B6EF-7144D3A4B94C}.AppStore|x86.Build.0 = Release|Any CPU
		{8D2F19D7-5BEC-4344-B6EF-7144D3A4B94C}.Debug|Any CPU.ActiveCfg = Debug|Any CPU
		{8D2F19D7-5BEC-4344-B6EF-7144D3A4B94C}.Debug|Any CPU.Build.0 = Debug|Any CPU
		{8D2F19D7-5BEC-4344-B6EF-7144D3A4B94C}.Debug|ARM.ActiveCfg = Debug|Any CPU
		{8D2F19D7-5BEC-4344-B6EF-7144D3A4B94C}.Debug|ARM.Build.0 = Debug|Any CPU
		{8D2F19D7-5BEC-4344-B6EF-7144D3A4B94C}.Debug|iPhone.ActiveCfg = Debug|Any CPU
		{8D2F19D7-5BEC-4344-B6EF-7144D3A4B94C}.Debug|iPhone.Build.0 = Debug|Any CPU
		{8D2F19D7-5BEC-4344-B6EF-7144D3A4B94C}.Debug|iPhoneSimulator.ActiveCfg = Debug|Any CPU
		{8D2F19D7-5BEC-4344-B6EF-7144D3A4B94C}.Debug|iPhoneSimulator.Build.0 = Debug|Any CPU
		{8D2F19D7-5BEC-4344-B6EF-7144D3A4B94C}.Debug|x64.ActiveCfg = Debug|Any CPU
		{8D2F19D7-5BEC-4344-B6EF-7144D3A4B94C}.Debug|x64.Build.0 = Debug|Any CPU
		{8D2F19D7-5BEC-4344-B6EF-7144D3A4B94C}.Debug|x86.ActiveCfg = Debug|Any CPU
		{8D2F19D7-5BEC-4344-B6EF-7144D3A4B94C}.Debug|x86.Build.0 = Debug|Any CPU
		{8D2F19D7-5BEC-4344-B6EF-7144D3A4B94C}.Release|Any CPU.ActiveCfg = Release|Any CPU
		{8D2F19D7-5BEC-4344-B6EF-7144D3A4B94C}.Release|Any CPU.Build.0 = Release|Any CPU
		{8D2F19D7-5BEC-4344-B6EF-7144D3A4B94C}.Release|ARM.ActiveCfg = Release|Any CPU
		{8D2F19D7-5BEC-4344-B6EF-7144D3A4B94C}.Release|ARM.Build.0 = Release|Any CPU
		{8D2F19D7-5BEC-4344-B6EF-7144D3A4B94C}.Release|iPhone.ActiveCfg = Release|Any CPU
		{8D2F19D7-5BEC-4344-B6EF-7144D3A4B94C}.Release|iPhone.Build.0 = Release|Any CPU
		{8D2F19D7-5BEC-4344-B6EF-7144D3A4B94C}.Release|iPhoneSimulator.ActiveCfg = Release|Any CPU
		{8D2F19D7-5BEC-4344-B6EF-7144D3A4B94C}.Release|iPhoneSimulator.Build.0 = Release|Any CPU
		{8D2F19D7-5BEC-4344-B6EF-7144D3A4B94C}.Release|x64.ActiveCfg = Release|Any CPU
		{8D2F19D7-5BEC-4344-B6EF-7144D3A4B94C}.Release|x64.Build.0 = Release|Any CPU
		{8D2F19D7-5BEC-4344-B6EF-7144D3A4B94C}.Release|x86.ActiveCfg = Release|Any CPU
		{8D2F19D7-5BEC-4344-B6EF-7144D3A4B94C}.Release|x86.Build.0 = Release|Any CPU
		{878FB376-AF74-44D1-A5C1-4F9ED372C806}.Ad-Hoc|Any CPU.ActiveCfg = Release|Any CPU
		{878FB376-AF74-44D1-A5C1-4F9ED372C806}.Ad-Hoc|Any CPU.Build.0 = Release|Any CPU
		{878FB376-AF74-44D1-A5C1-4F9ED372C806}.Ad-Hoc|Any CPU.Deploy.0 = Release|Any CPU
		{878FB376-AF74-44D1-A5C1-4F9ED372C806}.Ad-Hoc|ARM.ActiveCfg = Release|Any CPU
		{878FB376-AF74-44D1-A5C1-4F9ED372C806}.Ad-Hoc|ARM.Build.0 = Release|Any CPU
		{878FB376-AF74-44D1-A5C1-4F9ED372C806}.Ad-Hoc|ARM.Deploy.0 = Release|Any CPU
		{878FB376-AF74-44D1-A5C1-4F9ED372C806}.Ad-Hoc|iPhone.ActiveCfg = Release|Any CPU
		{878FB376-AF74-44D1-A5C1-4F9ED372C806}.Ad-Hoc|iPhone.Build.0 = Release|Any CPU
		{878FB376-AF74-44D1-A5C1-4F9ED372C806}.Ad-Hoc|iPhone.Deploy.0 = Release|Any CPU
		{878FB376-AF74-44D1-A5C1-4F9ED372C806}.Ad-Hoc|iPhoneSimulator.ActiveCfg = Release|Any CPU
		{878FB376-AF74-44D1-A5C1-4F9ED372C806}.Ad-Hoc|iPhoneSimulator.Build.0 = Release|Any CPU
		{878FB376-AF74-44D1-A5C1-4F9ED372C806}.Ad-Hoc|iPhoneSimulator.Deploy.0 = Release|Any CPU
		{878FB376-AF74-44D1-A5C1-4F9ED372C806}.Ad-Hoc|x64.ActiveCfg = Release|Any CPU
		{878FB376-AF74-44D1-A5C1-4F9ED372C806}.Ad-Hoc|x64.Build.0 = Release|Any CPU
		{878FB376-AF74-44D1-A5C1-4F9ED372C806}.Ad-Hoc|x64.Deploy.0 = Release|Any CPU
		{878FB376-AF74-44D1-A5C1-4F9ED372C806}.Ad-Hoc|x86.ActiveCfg = Release|Any CPU
		{878FB376-AF74-44D1-A5C1-4F9ED372C806}.Ad-Hoc|x86.Build.0 = Release|Any CPU
		{878FB376-AF74-44D1-A5C1-4F9ED372C806}.Ad-Hoc|x86.Deploy.0 = Release|Any CPU
		{878FB376-AF74-44D1-A5C1-4F9ED372C806}.AppStore|Any CPU.ActiveCfg = Release|Any CPU
		{878FB376-AF74-44D1-A5C1-4F9ED372C806}.AppStore|Any CPU.Build.0 = Release|Any CPU
		{878FB376-AF74-44D1-A5C1-4F9ED372C806}.AppStore|Any CPU.Deploy.0 = Release|Any CPU
		{878FB376-AF74-44D1-A5C1-4F9ED372C806}.AppStore|ARM.ActiveCfg = Release|Any CPU
		{878FB376-AF74-44D1-A5C1-4F9ED372C806}.AppStore|ARM.Build.0 = Release|Any CPU
		{878FB376-AF74-44D1-A5C1-4F9ED372C806}.AppStore|ARM.Deploy.0 = Release|Any CPU
		{878FB376-AF74-44D1-A5C1-4F9ED372C806}.AppStore|iPhone.ActiveCfg = Release|Any CPU
		{878FB376-AF74-44D1-A5C1-4F9ED372C806}.AppStore|iPhone.Build.0 = Release|Any CPU
		{878FB376-AF74-44D1-A5C1-4F9ED372C806}.AppStore|iPhone.Deploy.0 = Release|Any CPU
		{878FB376-AF74-44D1-A5C1-4F9ED372C806}.AppStore|iPhoneSimulator.ActiveCfg = Release|Any CPU
		{878FB376-AF74-44D1-A5C1-4F9ED372C806}.AppStore|iPhoneSimulator.Build.0 = Release|Any CPU
		{878FB376-AF74-44D1-A5C1-4F9ED372C806}.AppStore|iPhoneSimulator.Deploy.0 = Release|Any CPU
		{878FB376-AF74-44D1-A5C1-4F9ED372C806}.AppStore|x64.ActiveCfg = Release|Any CPU
		{878FB376-AF74-44D1-A5C1-4F9ED372C806}.AppStore|x64.Build.0 = Release|Any CPU
		{878FB376-AF74-44D1-A5C1-4F9ED372C806}.AppStore|x64.Deploy.0 = Release|Any CPU
		{878FB376-AF74-44D1-A5C1-4F9ED372C806}.AppStore|x86.ActiveCfg = Release|Any CPU
		{878FB376-AF74-44D1-A5C1-4F9ED372C806}.AppStore|x86.Build.0 = Release|Any CPU
		{878FB376-AF74-44D1-A5C1-4F9ED372C806}.AppStore|x86.Deploy.0 = Release|Any CPU
		{878FB376-AF74-44D1-A5C1-4F9ED372C806}.Debug|Any CPU.ActiveCfg = Debug|Any CPU
		{878FB376-AF74-44D1-A5C1-4F9ED372C806}.Debug|Any CPU.Build.0 = Debug|Any CPU
		{878FB376-AF74-44D1-A5C1-4F9ED372C806}.Debug|Any CPU.Deploy.0 = Debug|Any CPU
		{878FB376-AF74-44D1-A5C1-4F9ED372C806}.Debug|ARM.ActiveCfg = Debug|Any CPU
		{878FB376-AF74-44D1-A5C1-4F9ED372C806}.Debug|ARM.Build.0 = Debug|Any CPU
		{878FB376-AF74-44D1-A5C1-4F9ED372C806}.Debug|ARM.Deploy.0 = Debug|Any CPU
		{878FB376-AF74-44D1-A5C1-4F9ED372C806}.Debug|iPhone.ActiveCfg = Debug|Any CPU
		{878FB376-AF74-44D1-A5C1-4F9ED372C806}.Debug|iPhone.Build.0 = Debug|Any CPU
		{878FB376-AF74-44D1-A5C1-4F9ED372C806}.Debug|iPhone.Deploy.0 = Debug|Any CPU
		{878FB376-AF74-44D1-A5C1-4F9ED372C806}.Debug|iPhoneSimulator.ActiveCfg = Debug|Any CPU
		{878FB376-AF74-44D1-A5C1-4F9ED372C806}.Debug|iPhoneSimulator.Build.0 = Debug|Any CPU
		{878FB376-AF74-44D1-A5C1-4F9ED372C806}.Debug|iPhoneSimulator.Deploy.0 = Debug|Any CPU
		{878FB376-AF74-44D1-A5C1-4F9ED372C806}.Debug|x64.ActiveCfg = Debug|Any CPU
		{878FB376-AF74-44D1-A5C1-4F9ED372C806}.Debug|x64.Build.0 = Debug|Any CPU
		{878FB376-AF74-44D1-A5C1-4F9ED372C806}.Debug|x64.Deploy.0 = Debug|Any CPU
		{878FB376-AF74-44D1-A5C1-4F9ED372C806}.Debug|x86.ActiveCfg = Debug|Any CPU
		{878FB376-AF74-44D1-A5C1-4F9ED372C806}.Debug|x86.Build.0 = Debug|Any CPU
		{878FB376-AF74-44D1-A5C1-4F9ED372C806}.Debug|x86.Deploy.0 = Debug|Any CPU
		{878FB376-AF74-44D1-A5C1-4F9ED372C806}.Release|Any CPU.ActiveCfg = Release|Any CPU
		{878FB376-AF74-44D1-A5C1-4F9ED372C806}.Release|Any CPU.Build.0 = Release|Any CPU
		{878FB376-AF74-44D1-A5C1-4F9ED372C806}.Release|Any CPU.Deploy.0 = Release|Any CPU
		{878FB376-AF74-44D1-A5C1-4F9ED372C806}.Release|ARM.ActiveCfg = Release|Any CPU
		{878FB376-AF74-44D1-A5C1-4F9ED372C806}.Release|ARM.Build.0 = Release|Any CPU
		{878FB376-AF74-44D1-A5C1-4F9ED372C806}.Release|ARM.Deploy.0 = Release|Any CPU
		{878FB376-AF74-44D1-A5C1-4F9ED372C806}.Release|iPhone.ActiveCfg = Release|Any CPU
		{878FB376-AF74-44D1-A5C1-4F9ED372C806}.Release|iPhone.Build.0 = Release|Any CPU
		{878FB376-AF74-44D1-A5C1-4F9ED372C806}.Release|iPhone.Deploy.0 = Release|Any CPU
		{878FB376-AF74-44D1-A5C1-4F9ED372C806}.Release|iPhoneSimulator.ActiveCfg = Release|Any CPU
		{878FB376-AF74-44D1-A5C1-4F9ED372C806}.Release|iPhoneSimulator.Build.0 = Release|Any CPU
		{878FB376-AF74-44D1-A5C1-4F9ED372C806}.Release|iPhoneSimulator.Deploy.0 = Release|Any CPU
		{878FB376-AF74-44D1-A5C1-4F9ED372C806}.Release|x64.ActiveCfg = Release|Any CPU
		{878FB376-AF74-44D1-A5C1-4F9ED372C806}.Release|x64.Build.0 = Release|Any CPU
		{878FB376-AF74-44D1-A5C1-4F9ED372C806}.Release|x64.Deploy.0 = Release|Any CPU
		{878FB376-AF74-44D1-A5C1-4F9ED372C806}.Release|x86.ActiveCfg = Release|Any CPU
		{878FB376-AF74-44D1-A5C1-4F9ED372C806}.Release|x86.Build.0 = Release|Any CPU
		{878FB376-AF74-44D1-A5C1-4F9ED372C806}.Release|x86.Deploy.0 = Release|Any CPU
		{7D06C383-97B3-4AD4-AEE5-27B23BA69927}.Ad-Hoc|Any CPU.ActiveCfg = Ad-Hoc|iPhone
		{7D06C383-97B3-4AD4-AEE5-27B23BA69927}.Ad-Hoc|ARM.ActiveCfg = Ad-Hoc|iPhone
		{7D06C383-97B3-4AD4-AEE5-27B23BA69927}.Ad-Hoc|iPhone.ActiveCfg = Ad-Hoc|iPhone
		{7D06C383-97B3-4AD4-AEE5-27B23BA69927}.Ad-Hoc|iPhone.Build.0 = Ad-Hoc|iPhone
		{7D06C383-97B3-4AD4-AEE5-27B23BA69927}.Ad-Hoc|iPhoneSimulator.ActiveCfg = Ad-Hoc|iPhoneSimulator
		{7D06C383-97B3-4AD4-AEE5-27B23BA69927}.Ad-Hoc|iPhoneSimulator.Build.0 = Ad-Hoc|iPhoneSimulator
		{7D06C383-97B3-4AD4-AEE5-27B23BA69927}.Ad-Hoc|x64.ActiveCfg = Ad-Hoc|iPhone
		{7D06C383-97B3-4AD4-AEE5-27B23BA69927}.Ad-Hoc|x86.ActiveCfg = Ad-Hoc|iPhone
		{7D06C383-97B3-4AD4-AEE5-27B23BA69927}.AppStore|Any CPU.ActiveCfg = AppStore|iPhone
		{7D06C383-97B3-4AD4-AEE5-27B23BA69927}.AppStore|ARM.ActiveCfg = AppStore|iPhone
		{7D06C383-97B3-4AD4-AEE5-27B23BA69927}.AppStore|iPhone.ActiveCfg = AppStore|iPhone
		{7D06C383-97B3-4AD4-AEE5-27B23BA69927}.AppStore|iPhone.Build.0 = AppStore|iPhone
		{7D06C383-97B3-4AD4-AEE5-27B23BA69927}.AppStore|iPhoneSimulator.ActiveCfg = AppStore|iPhoneSimulator
		{7D06C383-97B3-4AD4-AEE5-27B23BA69927}.AppStore|iPhoneSimulator.Build.0 = AppStore|iPhoneSimulator
		{7D06C383-97B3-4AD4-AEE5-27B23BA69927}.AppStore|x64.ActiveCfg = AppStore|iPhone
		{7D06C383-97B3-4AD4-AEE5-27B23BA69927}.AppStore|x86.ActiveCfg = AppStore|iPhone
		{7D06C383-97B3-4AD4-AEE5-27B23BA69927}.Debug|Any CPU.ActiveCfg = Debug|iPhone
		{7D06C383-97B3-4AD4-AEE5-27B23BA69927}.Debug|ARM.ActiveCfg = Debug|iPhone
		{7D06C383-97B3-4AD4-AEE5-27B23BA69927}.Debug|iPhone.ActiveCfg = Debug|iPhone
		{7D06C383-97B3-4AD4-AEE5-27B23BA69927}.Debug|iPhone.Build.0 = Debug|iPhone
		{7D06C383-97B3-4AD4-AEE5-27B23BA69927}.Debug|iPhoneSimulator.ActiveCfg = Debug|iPhoneSimulator
		{7D06C383-97B3-4AD4-AEE5-27B23BA69927}.Debug|iPhoneSimulator.Build.0 = Debug|iPhoneSimulator
		{7D06C383-97B3-4AD4-AEE5-27B23BA69927}.Debug|x64.ActiveCfg = Debug|iPhone
		{7D06C383-97B3-4AD4-AEE5-27B23BA69927}.Debug|x86.ActiveCfg = Debug|iPhone
		{7D06C383-97B3-4AD4-AEE5-27B23BA69927}.Release|Any CPU.ActiveCfg = Release|iPhone
		{7D06C383-97B3-4AD4-AEE5-27B23BA69927}.Release|ARM.ActiveCfg = Release|iPhone
		{7D06C383-97B3-4AD4-AEE5-27B23BA69927}.Release|iPhone.ActiveCfg = Release|iPhone
		{7D06C383-97B3-4AD4-AEE5-27B23BA69927}.Release|iPhone.Build.0 = Release|iPhone
		{7D06C383-97B3-4AD4-AEE5-27B23BA69927}.Release|iPhoneSimulator.ActiveCfg = Release|iPhoneSimulator
		{7D06C383-97B3-4AD4-AEE5-27B23BA69927}.Release|iPhoneSimulator.Build.0 = Release|iPhoneSimulator
		{7D06C383-97B3-4AD4-AEE5-27B23BA69927}.Release|x64.ActiveCfg = Release|iPhone
		{7D06C383-97B3-4AD4-AEE5-27B23BA69927}.Release|x86.ActiveCfg = Release|iPhone
		{70222952-74F9-4321-A149-913C7C8A760B}.Ad-Hoc|Any CPU.ActiveCfg = Release|Any CPU
		{70222952-74F9-4321-A149-913C7C8A760B}.Ad-Hoc|Any CPU.Build.0 = Release|Any CPU
		{70222952-74F9-4321-A149-913C7C8A760B}.Ad-Hoc|Any CPU.Deploy.0 = Release|Any CPU
		{70222952-74F9-4321-A149-913C7C8A760B}.Ad-Hoc|ARM.ActiveCfg = Release|ARM
		{70222952-74F9-4321-A149-913C7C8A760B}.Ad-Hoc|ARM.Build.0 = Release|ARM
		{70222952-74F9-4321-A149-913C7C8A760B}.Ad-Hoc|ARM.Deploy.0 = Release|ARM
		{70222952-74F9-4321-A149-913C7C8A760B}.Ad-Hoc|iPhone.ActiveCfg = Release|Any CPU
		{70222952-74F9-4321-A149-913C7C8A760B}.Ad-Hoc|iPhone.Build.0 = Release|Any CPU
		{70222952-74F9-4321-A149-913C7C8A760B}.Ad-Hoc|iPhone.Deploy.0 = Release|Any CPU
		{70222952-74F9-4321-A149-913C7C8A760B}.Ad-Hoc|iPhoneSimulator.ActiveCfg = Release|Any CPU
		{70222952-74F9-4321-A149-913C7C8A760B}.Ad-Hoc|iPhoneSimulator.Build.0 = Release|Any CPU
		{70222952-74F9-4321-A149-913C7C8A760B}.Ad-Hoc|iPhoneSimulator.Deploy.0 = Release|Any CPU
		{70222952-74F9-4321-A149-913C7C8A760B}.Ad-Hoc|x64.ActiveCfg = Release|Any CPU
		{70222952-74F9-4321-A149-913C7C8A760B}.Ad-Hoc|x64.Build.0 = Release|Any CPU
		{70222952-74F9-4321-A149-913C7C8A760B}.Ad-Hoc|x64.Deploy.0 = Release|Any CPU
		{70222952-74F9-4321-A149-913C7C8A760B}.Ad-Hoc|x86.ActiveCfg = Release|x86
		{70222952-74F9-4321-A149-913C7C8A760B}.Ad-Hoc|x86.Build.0 = Release|x86
		{70222952-74F9-4321-A149-913C7C8A760B}.Ad-Hoc|x86.Deploy.0 = Release|x86
		{70222952-74F9-4321-A149-913C7C8A760B}.AppStore|Any CPU.ActiveCfg = Release|Any CPU
		{70222952-74F9-4321-A149-913C7C8A760B}.AppStore|Any CPU.Build.0 = Release|Any CPU
		{70222952-74F9-4321-A149-913C7C8A760B}.AppStore|Any CPU.Deploy.0 = Release|Any CPU
		{70222952-74F9-4321-A149-913C7C8A760B}.AppStore|ARM.ActiveCfg = Release|ARM
		{70222952-74F9-4321-A149-913C7C8A760B}.AppStore|ARM.Build.0 = Release|ARM
		{70222952-74F9-4321-A149-913C7C8A760B}.AppStore|ARM.Deploy.0 = Release|ARM
		{70222952-74F9-4321-A149-913C7C8A760B}.AppStore|iPhone.ActiveCfg = Release|Any CPU
		{70222952-74F9-4321-A149-913C7C8A760B}.AppStore|iPhone.Build.0 = Release|Any CPU
		{70222952-74F9-4321-A149-913C7C8A760B}.AppStore|iPhone.Deploy.0 = Release|Any CPU
		{70222952-74F9-4321-A149-913C7C8A760B}.AppStore|iPhoneSimulator.ActiveCfg = Release|Any CPU
		{70222952-74F9-4321-A149-913C7C8A760B}.AppStore|iPhoneSimulator.Build.0 = Release|Any CPU
		{70222952-74F9-4321-A149-913C7C8A760B}.AppStore|iPhoneSimulator.Deploy.0 = Release|Any CPU
		{70222952-74F9-4321-A149-913C7C8A760B}.AppStore|x64.ActiveCfg = Release|Any CPU
		{70222952-74F9-4321-A149-913C7C8A760B}.AppStore|x64.Build.0 = Release|Any CPU
		{70222952-74F9-4321-A149-913C7C8A760B}.AppStore|x64.Deploy.0 = Release|Any CPU
		{70222952-74F9-4321-A149-913C7C8A760B}.AppStore|x86.ActiveCfg = Release|x86
		{70222952-74F9-4321-A149-913C7C8A760B}.AppStore|x86.Build.0 = Release|x86
		{70222952-74F9-4321-A149-913C7C8A760B}.AppStore|x86.Deploy.0 = Release|x86
		{70222952-74F9-4321-A149-913C7C8A760B}.Debug|Any CPU.ActiveCfg = Debug|Any CPU
		{70222952-74F9-4321-A149-913C7C8A760B}.Debug|Any CPU.Build.0 = Debug|Any CPU
		{70222952-74F9-4321-A149-913C7C8A760B}.Debug|Any CPU.Deploy.0 = Debug|Any CPU
		{70222952-74F9-4321-A149-913C7C8A760B}.Debug|ARM.ActiveCfg = Debug|ARM
		{70222952-74F9-4321-A149-913C7C8A760B}.Debug|ARM.Build.0 = Debug|ARM
		{70222952-74F9-4321-A149-913C7C8A760B}.Debug|ARM.Deploy.0 = Debug|ARM
		{70222952-74F9-4321-A149-913C7C8A760B}.Debug|iPhone.ActiveCfg = Debug|Any CPU
		{70222952-74F9-4321-A149-913C7C8A760B}.Debug|iPhone.Build.0 = Debug|Any CPU
		{70222952-74F9-4321-A149-913C7C8A760B}.Debug|iPhone.Deploy.0 = Debug|Any CPU
		{70222952-74F9-4321-A149-913C7C8A760B}.Debug|iPhoneSimulator.ActiveCfg = Debug|Any CPU
		{70222952-74F9-4321-A149-913C7C8A760B}.Debug|iPhoneSimulator.Build.0 = Debug|Any CPU
		{70222952-74F9-4321-A149-913C7C8A760B}.Debug|iPhoneSimulator.Deploy.0 = Debug|Any CPU
		{70222952-74F9-4321-A149-913C7C8A760B}.Debug|x64.ActiveCfg = Debug|Any CPU
		{70222952-74F9-4321-A149-913C7C8A760B}.Debug|x64.Build.0 = Debug|Any CPU
		{70222952-74F9-4321-A149-913C7C8A760B}.Debug|x64.Deploy.0 = Debug|Any CPU
		{70222952-74F9-4321-A149-913C7C8A760B}.Debug|x86.ActiveCfg = Debug|x86
		{70222952-74F9-4321-A149-913C7C8A760B}.Debug|x86.Build.0 = Debug|x86
		{70222952-74F9-4321-A149-913C7C8A760B}.Debug|x86.Deploy.0 = Debug|x86
		{70222952-74F9-4321-A149-913C7C8A760B}.Release|Any CPU.ActiveCfg = Release|Any CPU
		{70222952-74F9-4321-A149-913C7C8A760B}.Release|Any CPU.Build.0 = Release|Any CPU
		{70222952-74F9-4321-A149-913C7C8A760B}.Release|Any CPU.Deploy.0 = Release|Any CPU
		{70222952-74F9-4321-A149-913C7C8A760B}.Release|ARM.ActiveCfg = Release|ARM
		{70222952-74F9-4321-A149-913C7C8A760B}.Release|ARM.Build.0 = Release|ARM
		{70222952-74F9-4321-A149-913C7C8A760B}.Release|ARM.Deploy.0 = Release|ARM
		{70222952-74F9-4321-A149-913C7C8A760B}.Release|iPhone.ActiveCfg = Release|Any CPU
		{70222952-74F9-4321-A149-913C7C8A760B}.Release|iPhone.Build.0 = Release|Any CPU
		{70222952-74F9-4321-A149-913C7C8A760B}.Release|iPhone.Deploy.0 = Release|Any CPU
		{70222952-74F9-4321-A149-913C7C8A760B}.Release|iPhoneSimulator.ActiveCfg = Release|Any CPU
		{70222952-74F9-4321-A149-913C7C8A760B}.Release|iPhoneSimulator.Build.0 = Release|Any CPU
		{70222952-74F9-4321-A149-913C7C8A760B}.Release|iPhoneSimulator.Deploy.0 = Release|Any CPU
		{70222952-74F9-4321-A149-913C7C8A760B}.Release|x64.ActiveCfg = Release|Any CPU
		{70222952-74F9-4321-A149-913C7C8A760B}.Release|x64.Build.0 = Release|Any CPU
		{70222952-74F9-4321-A149-913C7C8A760B}.Release|x64.Deploy.0 = Release|Any CPU
		{70222952-74F9-4321-A149-913C7C8A760B}.Release|x86.ActiveCfg = Release|x86
		{70222952-74F9-4321-A149-913C7C8A760B}.Release|x86.Build.0 = Release|x86
		{70222952-74F9-4321-A149-913C7C8A760B}.Release|x86.Deploy.0 = Release|x86
		{A301DBE5-FF33-4D0A-A960-4EC65A8FDD2E}.Ad-Hoc|Any CPU.ActiveCfg = Release|x86
		{A301DBE5-FF33-4D0A-A960-4EC65A8FDD2E}.Ad-Hoc|Any CPU.Build.0 = Release|x86
		{A301DBE5-FF33-4D0A-A960-4EC65A8FDD2E}.Ad-Hoc|Any CPU.Deploy.0 = Release|x86
		{A301DBE5-FF33-4D0A-A960-4EC65A8FDD2E}.Ad-Hoc|ARM.ActiveCfg = Release|ARM
		{A301DBE5-FF33-4D0A-A960-4EC65A8FDD2E}.Ad-Hoc|ARM.Build.0 = Release|ARM
		{A301DBE5-FF33-4D0A-A960-4EC65A8FDD2E}.Ad-Hoc|ARM.Deploy.0 = Release|ARM
		{A301DBE5-FF33-4D0A-A960-4EC65A8FDD2E}.Ad-Hoc|iPhone.ActiveCfg = Release|x86
		{A301DBE5-FF33-4D0A-A960-4EC65A8FDD2E}.Ad-Hoc|iPhone.Build.0 = Release|x86
		{A301DBE5-FF33-4D0A-A960-4EC65A8FDD2E}.Ad-Hoc|iPhone.Deploy.0 = Release|x86
		{A301DBE5-FF33-4D0A-A960-4EC65A8FDD2E}.Ad-Hoc|iPhoneSimulator.ActiveCfg = Release|x86
		{A301DBE5-FF33-4D0A-A960-4EC65A8FDD2E}.Ad-Hoc|iPhoneSimulator.Build.0 = Release|x86
		{A301DBE5-FF33-4D0A-A960-4EC65A8FDD2E}.Ad-Hoc|iPhoneSimulator.Deploy.0 = Release|x86
		{A301DBE5-FF33-4D0A-A960-4EC65A8FDD2E}.Ad-Hoc|x64.ActiveCfg = Release|x64
		{A301DBE5-FF33-4D0A-A960-4EC65A8FDD2E}.Ad-Hoc|x64.Build.0 = Release|x64
		{A301DBE5-FF33-4D0A-A960-4EC65A8FDD2E}.Ad-Hoc|x64.Deploy.0 = Release|x64
		{A301DBE5-FF33-4D0A-A960-4EC65A8FDD2E}.Ad-Hoc|x86.ActiveCfg = Release|x86
		{A301DBE5-FF33-4D0A-A960-4EC65A8FDD2E}.Ad-Hoc|x86.Build.0 = Release|x86
		{A301DBE5-FF33-4D0A-A960-4EC65A8FDD2E}.Ad-Hoc|x86.Deploy.0 = Release|x86
		{A301DBE5-FF33-4D0A-A960-4EC65A8FDD2E}.AppStore|Any CPU.ActiveCfg = Release|x86
		{A301DBE5-FF33-4D0A-A960-4EC65A8FDD2E}.AppStore|Any CPU.Build.0 = Release|x86
		{A301DBE5-FF33-4D0A-A960-4EC65A8FDD2E}.AppStore|Any CPU.Deploy.0 = Release|x86
		{A301DBE5-FF33-4D0A-A960-4EC65A8FDD2E}.AppStore|ARM.ActiveCfg = Release|ARM
		{A301DBE5-FF33-4D0A-A960-4EC65A8FDD2E}.AppStore|ARM.Build.0 = Release|ARM
		{A301DBE5-FF33-4D0A-A960-4EC65A8FDD2E}.AppStore|ARM.Deploy.0 = Release|ARM
		{A301DBE5-FF33-4D0A-A960-4EC65A8FDD2E}.AppStore|iPhone.ActiveCfg = Release|x86
		{A301DBE5-FF33-4D0A-A960-4EC65A8FDD2E}.AppStore|iPhone.Build.0 = Release|x86
		{A301DBE5-FF33-4D0A-A960-4EC65A8FDD2E}.AppStore|iPhone.Deploy.0 = Release|x86
		{A301DBE5-FF33-4D0A-A960-4EC65A8FDD2E}.AppStore|iPhoneSimulator.ActiveCfg = Release|x86
		{A301DBE5-FF33-4D0A-A960-4EC65A8FDD2E}.AppStore|iPhoneSimulator.Build.0 = Release|x86
		{A301DBE5-FF33-4D0A-A960-4EC65A8FDD2E}.AppStore|iPhoneSimulator.Deploy.0 = Release|x86
		{A301DBE5-FF33-4D0A-A960-4EC65A8FDD2E}.AppStore|x64.ActiveCfg = Release|x64
		{A301DBE5-FF33-4D0A-A960-4EC65A8FDD2E}.AppStore|x64.Build.0 = Release|x64
		{A301DBE5-FF33-4D0A-A960-4EC65A8FDD2E}.AppStore|x64.Deploy.0 = Release|x64
		{A301DBE5-FF33-4D0A-A960-4EC65A8FDD2E}.AppStore|x86.ActiveCfg = Release|x86
		{A301DBE5-FF33-4D0A-A960-4EC65A8FDD2E}.AppStore|x86.Build.0 = Release|x86
		{A301DBE5-FF33-4D0A-A960-4EC65A8FDD2E}.AppStore|x86.Deploy.0 = Release|x86
		{A301DBE5-FF33-4D0A-A960-4EC65A8FDD2E}.Debug|Any CPU.ActiveCfg = Debug|x86
		{A301DBE5-FF33-4D0A-A960-4EC65A8FDD2E}.Debug|ARM.ActiveCfg = Debug|ARM
		{A301DBE5-FF33-4D0A-A960-4EC65A8FDD2E}.Debug|ARM.Build.0 = Debug|ARM
		{A301DBE5-FF33-4D0A-A960-4EC65A8FDD2E}.Debug|ARM.Deploy.0 = Debug|ARM
		{A301DBE5-FF33-4D0A-A960-4EC65A8FDD2E}.Debug|iPhone.ActiveCfg = Debug|x86
		{A301DBE5-FF33-4D0A-A960-4EC65A8FDD2E}.Debug|iPhoneSimulator.ActiveCfg = Debug|x86
		{A301DBE5-FF33-4D0A-A960-4EC65A8FDD2E}.Debug|x64.ActiveCfg = Debug|x64
		{A301DBE5-FF33-4D0A-A960-4EC65A8FDD2E}.Debug|x64.Build.0 = Debug|x64
		{A301DBE5-FF33-4D0A-A960-4EC65A8FDD2E}.Debug|x64.Deploy.0 = Debug|x64
		{A301DBE5-FF33-4D0A-A960-4EC65A8FDD2E}.Debug|x86.ActiveCfg = Debug|x86
		{A301DBE5-FF33-4D0A-A960-4EC65A8FDD2E}.Debug|x86.Build.0 = Debug|x86
		{A301DBE5-FF33-4D0A-A960-4EC65A8FDD2E}.Debug|x86.Deploy.0 = Debug|x86
		{A301DBE5-FF33-4D0A-A960-4EC65A8FDD2E}.Release|Any CPU.ActiveCfg = Release|x86
		{A301DBE5-FF33-4D0A-A960-4EC65A8FDD2E}.Release|ARM.ActiveCfg = Release|ARM
		{A301DBE5-FF33-4D0A-A960-4EC65A8FDD2E}.Release|ARM.Build.0 = Release|ARM
		{A301DBE5-FF33-4D0A-A960-4EC65A8FDD2E}.Release|ARM.Deploy.0 = Release|ARM
		{A301DBE5-FF33-4D0A-A960-4EC65A8FDD2E}.Release|iPhone.ActiveCfg = Release|x86
		{A301DBE5-FF33-4D0A-A960-4EC65A8FDD2E}.Release|iPhoneSimulator.ActiveCfg = Release|x86
		{A301DBE5-FF33-4D0A-A960-4EC65A8FDD2E}.Release|x64.ActiveCfg = Release|x64
		{A301DBE5-FF33-4D0A-A960-4EC65A8FDD2E}.Release|x64.Build.0 = Release|x64
		{A301DBE5-FF33-4D0A-A960-4EC65A8FDD2E}.Release|x64.Deploy.0 = Release|x64
		{A301DBE5-FF33-4D0A-A960-4EC65A8FDD2E}.Release|x86.ActiveCfg = Release|x86
		{A301DBE5-FF33-4D0A-A960-4EC65A8FDD2E}.Release|x86.Build.0 = Release|x86
		{A301DBE5-FF33-4D0A-A960-4EC65A8FDD2E}.Release|x86.Deploy.0 = Release|x86
		{0CFCD937-EB97-49B6-BEDC-CF022835C191}.Ad-Hoc|Any CPU.ActiveCfg = Release|Any CPU
		{0CFCD937-EB97-49B6-BEDC-CF022835C191}.Ad-Hoc|Any CPU.Build.0 = Release|Any CPU
		{0CFCD937-EB97-49B6-BEDC-CF022835C191}.Ad-Hoc|Any CPU.Deploy.0 = Release|Any CPU
		{0CFCD937-EB97-49B6-BEDC-CF022835C191}.Ad-Hoc|ARM.ActiveCfg = Release|ARM
		{0CFCD937-EB97-49B6-BEDC-CF022835C191}.Ad-Hoc|ARM.Build.0 = Release|ARM
		{0CFCD937-EB97-49B6-BEDC-CF022835C191}.Ad-Hoc|ARM.Deploy.0 = Release|ARM
		{0CFCD937-EB97-49B6-BEDC-CF022835C191}.Ad-Hoc|iPhone.ActiveCfg = Release|Any CPU
		{0CFCD937-EB97-49B6-BEDC-CF022835C191}.Ad-Hoc|iPhone.Build.0 = Release|Any CPU
		{0CFCD937-EB97-49B6-BEDC-CF022835C191}.Ad-Hoc|iPhone.Deploy.0 = Release|Any CPU
		{0CFCD937-EB97-49B6-BEDC-CF022835C191}.Ad-Hoc|iPhoneSimulator.ActiveCfg = Release|Any CPU
		{0CFCD937-EB97-49B6-BEDC-CF022835C191}.Ad-Hoc|iPhoneSimulator.Build.0 = Release|Any CPU
		{0CFCD937-EB97-49B6-BEDC-CF022835C191}.Ad-Hoc|iPhoneSimulator.Deploy.0 = Release|Any CPU
		{0CFCD937-EB97-49B6-BEDC-CF022835C191}.Ad-Hoc|x64.ActiveCfg = Release|x64
		{0CFCD937-EB97-49B6-BEDC-CF022835C191}.Ad-Hoc|x64.Build.0 = Release|x64
		{0CFCD937-EB97-49B6-BEDC-CF022835C191}.Ad-Hoc|x64.Deploy.0 = Release|x64
		{0CFCD937-EB97-49B6-BEDC-CF022835C191}.Ad-Hoc|x86.ActiveCfg = Release|x86
		{0CFCD937-EB97-49B6-BEDC-CF022835C191}.Ad-Hoc|x86.Build.0 = Release|x86
		{0CFCD937-EB97-49B6-BEDC-CF022835C191}.Ad-Hoc|x86.Deploy.0 = Release|x86
		{0CFCD937-EB97-49B6-BEDC-CF022835C191}.AppStore|Any CPU.ActiveCfg = Release|Any CPU
		{0CFCD937-EB97-49B6-BEDC-CF022835C191}.AppStore|Any CPU.Build.0 = Release|Any CPU
		{0CFCD937-EB97-49B6-BEDC-CF022835C191}.AppStore|Any CPU.Deploy.0 = Release|Any CPU
		{0CFCD937-EB97-49B6-BEDC-CF022835C191}.AppStore|ARM.ActiveCfg = Release|ARM
		{0CFCD937-EB97-49B6-BEDC-CF022835C191}.AppStore|ARM.Build.0 = Release|ARM
		{0CFCD937-EB97-49B6-BEDC-CF022835C191}.AppStore|ARM.Deploy.0 = Release|ARM
		{0CFCD937-EB97-49B6-BEDC-CF022835C191}.AppStore|iPhone.ActiveCfg = Release|Any CPU
		{0CFCD937-EB97-49B6-BEDC-CF022835C191}.AppStore|iPhone.Build.0 = Release|Any CPU
		{0CFCD937-EB97-49B6-BEDC-CF022835C191}.AppStore|iPhone.Deploy.0 = Release|Any CPU
		{0CFCD937-EB97-49B6-BEDC-CF022835C191}.AppStore|iPhoneSimulator.ActiveCfg = Release|Any CPU
		{0CFCD937-EB97-49B6-BEDC-CF022835C191}.AppStore|iPhoneSimulator.Build.0 = Release|Any CPU
		{0CFCD937-EB97-49B6-BEDC-CF022835C191}.AppStore|iPhoneSimulator.Deploy.0 = Release|Any CPU
		{0CFCD937-EB97-49B6-BEDC-CF022835C191}.AppStore|x64.ActiveCfg = Release|x64
		{0CFCD937-EB97-49B6-BEDC-CF022835C191}.AppStore|x64.Build.0 = Release|x64
		{0CFCD937-EB97-49B6-BEDC-CF022835C191}.AppStore|x64.Deploy.0 = Release|x64
		{0CFCD937-EB97-49B6-BEDC-CF022835C191}.AppStore|x86.ActiveCfg = Release|x86
		{0CFCD937-EB97-49B6-BEDC-CF022835C191}.AppStore|x86.Build.0 = Release|x86
		{0CFCD937-EB97-49B6-BEDC-CF022835C191}.AppStore|x86.Deploy.0 = Release|x86
		{0CFCD937-EB97-49B6-BEDC-CF022835C191}.Debug|Any CPU.ActiveCfg = Debug|Any CPU
		{0CFCD937-EB97-49B6-BEDC-CF022835C191}.Debug|Any CPU.Build.0 = Debug|Any CPU
		{0CFCD937-EB97-49B6-BEDC-CF022835C191}.Debug|Any CPU.Deploy.0 = Debug|Any CPU
		{0CFCD937-EB97-49B6-BEDC-CF022835C191}.Debug|ARM.ActiveCfg = Debug|ARM
		{0CFCD937-EB97-49B6-BEDC-CF022835C191}.Debug|ARM.Build.0 = Debug|ARM
		{0CFCD937-EB97-49B6-BEDC-CF022835C191}.Debug|ARM.Deploy.0 = Debug|ARM
		{0CFCD937-EB97-49B6-BEDC-CF022835C191}.Debug|iPhone.ActiveCfg = Debug|Any CPU
		{0CFCD937-EB97-49B6-BEDC-CF022835C191}.Debug|iPhone.Build.0 = Debug|Any CPU
		{0CFCD937-EB97-49B6-BEDC-CF022835C191}.Debug|iPhone.Deploy.0 = Debug|Any CPU
		{0CFCD937-EB97-49B6-BEDC-CF022835C191}.Debug|iPhoneSimulator.ActiveCfg = Debug|Any CPU
		{0CFCD937-EB97-49B6-BEDC-CF022835C191}.Debug|iPhoneSimulator.Build.0 = Debug|Any CPU
		{0CFCD937-EB97-49B6-BEDC-CF022835C191}.Debug|iPhoneSimulator.Deploy.0 = Debug|Any CPU
		{0CFCD937-EB97-49B6-BEDC-CF022835C191}.Debug|x64.ActiveCfg = Debug|x64
		{0CFCD937-EB97-49B6-BEDC-CF022835C191}.Debug|x64.Build.0 = Debug|x64
		{0CFCD937-EB97-49B6-BEDC-CF022835C191}.Debug|x64.Deploy.0 = Debug|x64
		{0CFCD937-EB97-49B6-BEDC-CF022835C191}.Debug|x86.ActiveCfg = Debug|x86
		{0CFCD937-EB97-49B6-BEDC-CF022835C191}.Debug|x86.Build.0 = Debug|x86
		{0CFCD937-EB97-49B6-BEDC-CF022835C191}.Debug|x86.Deploy.0 = Debug|x86
		{0CFCD937-EB97-49B6-BEDC-CF022835C191}.Release|Any CPU.ActiveCfg = Release|Any CPU
		{0CFCD937-EB97-49B6-BEDC-CF022835C191}.Release|Any CPU.Build.0 = Release|Any CPU
		{0CFCD937-EB97-49B6-BEDC-CF022835C191}.Release|Any CPU.Deploy.0 = Release|Any CPU
		{0CFCD937-EB97-49B6-BEDC-CF022835C191}.Release|ARM.ActiveCfg = Release|ARM
		{0CFCD937-EB97-49B6-BEDC-CF022835C191}.Release|ARM.Build.0 = Release|ARM
		{0CFCD937-EB97-49B6-BEDC-CF022835C191}.Release|ARM.Deploy.0 = Release|ARM
		{0CFCD937-EB97-49B6-BEDC-CF022835C191}.Release|iPhone.ActiveCfg = Release|Any CPU
		{0CFCD937-EB97-49B6-BEDC-CF022835C191}.Release|iPhone.Build.0 = Release|Any CPU
		{0CFCD937-EB97-49B6-BEDC-CF022835C191}.Release|iPhone.Deploy.0 = Release|Any CPU
		{0CFCD937-EB97-49B6-BEDC-CF022835C191}.Release|iPhoneSimulator.ActiveCfg = Release|Any CPU
		{0CFCD937-EB97-49B6-BEDC-CF022835C191}.Release|iPhoneSimulator.Build.0 = Release|Any CPU
		{0CFCD937-EB97-49B6-BEDC-CF022835C191}.Release|iPhoneSimulator.Deploy.0 = Release|Any CPU
		{0CFCD937-EB97-49B6-BEDC-CF022835C191}.Release|x64.ActiveCfg = Release|x64
		{0CFCD937-EB97-49B6-BEDC-CF022835C191}.Release|x64.Build.0 = Release|x64
		{0CFCD937-EB97-49B6-BEDC-CF022835C191}.Release|x64.Deploy.0 = Release|x64
		{0CFCD937-EB97-49B6-BEDC-CF022835C191}.Release|x86.ActiveCfg = Release|x86
		{0CFCD937-EB97-49B6-BEDC-CF022835C191}.Release|x86.Build.0 = Release|x86
		{0CFCD937-EB97-49B6-BEDC-CF022835C191}.Release|x86.Deploy.0 = Release|x86
	EndGlobalSection
	GlobalSection(SolutionProperties) = preSolution
		HideSolutionNode = FALSE
	EndGlobalSection
EndGlobal
